{
  "version": 4,
  "terraform_version": "1.11.4",
  "serial": 81,
  "lineage": "1714d8ba-37ca-b59c-587f-7cd7e518a162",
  "outputs": {},
  "resources": [
    {
      "mode": "data",
      "type": "aws_ami",
      "name": "ubuntu-linux-2204",
      "provider": "provider[\"registry.terraform.io/hashicorp/aws\"]",
      "instances": [
        {
          "schema_version": 0,
          "attributes": {
            "architecture": "x86_64",
            "arn": "arn:aws:ec2:eu-north-1::image/ami-091833a514acb0f07",
            "block_device_mappings": [
              {
                "device_name": "/dev/sda1",
                "ebs": {
                  "delete_on_termination": "true",
                  "encrypted": "false",
                  "iops": "0",
                  "snapshot_id": "snap-09d9e8d8ce39f2738",
                  "throughput": "0",
                  "volume_size": "8",
                  "volume_type": "gp2"
                },
                "no_device": "",
                "virtual_name": ""
              },
              {
                "device_name": "/dev/sdb",
                "ebs": {},
                "no_device": "",
                "virtual_name": "ephemeral0"
              },
              {
                "device_name": "/dev/sdc",
                "ebs": {},
                "no_device": "",
                "virtual_name": "ephemeral1"
              }
            ],
            "boot_mode": "uefi-preferred",
            "creation_date": "2025-04-25T07:01:02.000Z",
            "deprecation_time": "2027-04-25T07:01:02.000Z",
            "description": "Canonical, Ubuntu, 22.04, amd64 jammy image",
            "ena_support": true,
            "executable_users": null,
            "filter": [
              {
                "name": "name",
                "values": [
                  "ubuntu/images/hvm-ssd/ubuntu-jammy-22.04-amd64-server-*"
                ]
              },
              {
                "name": "virtualization-type",
                "values": [
                  "hvm"
                ]
              }
            ],
            "hypervisor": "xen",
            "id": "ami-091833a514acb0f07",
            "image_id": "ami-091833a514acb0f07",
            "image_location": "amazon/ubuntu/images/hvm-ssd/ubuntu-jammy-22.04-amd64-server-20250425",
            "image_owner_alias": "amazon",
            "image_type": "machine",
            "imds_support": "",
            "include_deprecated": false,
            "kernel_id": "",
            "most_recent": true,
            "name": "ubuntu/images/hvm-ssd/ubuntu-jammy-22.04-amd64-server-20250425",
            "name_regex": null,
            "owner_id": "099720109477",
            "owners": [
              "099720109477"
            ],
            "platform": "",
            "platform_details": "Linux/UNIX",
            "product_codes": [],
            "public": true,
            "ramdisk_id": "",
            "root_device_name": "/dev/sda1",
            "root_device_type": "ebs",
            "root_snapshot_id": "snap-09d9e8d8ce39f2738",
            "sriov_net_support": "simple",
            "state": "available",
            "state_reason": {
              "code": "UNSET",
              "message": "UNSET"
            },
            "tags": {},
            "timeouts": null,
            "tpm_support": "",
            "usage_operation": "RunInstances",
            "virtualization_type": "hvm"
          },
          "sensitive_attributes": []
        }
      ]
    },
    {
      "mode": "data",
      "type": "aws_iam_policy",
      "name": "AWSLambdaBasicExecutionRole",
      "provider": "provider[\"registry.terraform.io/hashicorp/aws\"]",
      "instances": [
        {
          "schema_version": 0,
          "attributes": {
            "arn": "arn:aws:iam::aws:policy/service-role/AWSLambdaBasicExecutionRole",
            "attachment_count": 1,
            "description": "Provides write permissions to CloudWatch Logs.",
            "id": "arn:aws:iam::aws:policy/service-role/AWSLambdaBasicExecutionRole",
            "name": "AWSLambdaBasicExecutionRole",
            "path": "/service-role/",
            "path_prefix": null,
            "policy": "{\n  \"Version\": \"2012-10-17\",\n  \"Statement\": [\n    {\n      \"Effect\": \"Allow\",\n      \"Action\": [\n        \"logs:CreateLogGroup\",\n        \"logs:CreateLogStream\",\n        \"logs:PutLogEvents\"\n      ],\n      \"Resource\": \"*\"\n    }\n  ]\n}",
            "policy_id": "ANPAJNCQGXC42545SKXIK",
            "tags": {}
          },
          "sensitive_attributes": []
        }
      ]
    },
    {
      "mode": "data",
      "type": "aws_vpc",
      "name": "default",
      "provider": "provider[\"registry.terraform.io/hashicorp/aws\"]",
      "instances": [
        {
          "schema_version": 0,
          "attributes": {
            "arn": "arn:aws:ec2:eu-north-1:911866154296:vpc/vpc-0b5d48d711bc60900",
            "cidr_block": "172.31.0.0/16",
            "cidr_block_associations": [
              {
                "association_id": "vpc-cidr-assoc-0f8bc3dd8d7a13095",
                "cidr_block": "172.31.0.0/16",
                "state": "associated"
              }
            ],
            "default": true,
            "dhcp_options_id": "dopt-03a37062186d85593",
            "enable_dns_hostnames": true,
            "enable_dns_support": true,
            "enable_network_address_usage_metrics": false,
            "filter": null,
            "id": "vpc-0b5d48d711bc60900",
            "instance_tenancy": "default",
            "ipv6_association_id": "",
            "ipv6_cidr_block": "",
            "main_route_table_id": "rtb-0e2b3b97eb757a3a7",
            "owner_id": "911866154296",
            "state": null,
            "tags": {},
            "timeouts": null
          },
          "sensitive_attributes": []
        }
      ]
    },
    {
      "mode": "managed",
      "type": "aws_iam_policy",
      "name": "CreateEC2Istances",
      "provider": "provider[\"registry.terraform.io/hashicorp/aws\"]",
      "instances": [
        {
          "schema_version": 0,
          "attributes": {
            "arn": "arn:aws:iam::911866154296:policy/CreateEC2Istances",
            "attachment_count": 1,
            "description": "",
            "id": "arn:aws:iam::911866154296:policy/CreateEC2Istances",
            "name": "CreateEC2Istances",
            "name_prefix": "",
            "path": "/",
            "policy": "{\"Statement\":[{\"Action\":[\"ec2:Describe*\",\"ec2:RunInstances\",\"ec2:CreateKeyPair\",\"iam:PassRole\"],\"Effect\":\"Allow\",\"Resource\":[\"*\"]}],\"Version\":\"2012-10-17\"}",
            "policy_id": "ANPA5IT3VJU4E7ZDV2X5G",
            "tags": {},
            "tags_all": {}
          },
          "sensitive_attributes": [],
          "private": "bnVsbA=="
        }
      ]
    },
    {
      "mode": "managed",
      "type": "aws_iam_role",
      "name": "DevDesktopBooterExecutionRole",
      "provider": "provider[\"registry.terraform.io/hashicorp/aws\"]",
      "instances": [
        {
          "schema_version": 0,
          "attributes": {
            "arn": "arn:aws:iam::911866154296:role/DevDesktopBooterExecutionRole",
            "assume_role_policy": "{\"Statement\":[{\"Action\":\"sts:AssumeRole\",\"Effect\":\"Allow\",\"Principal\":{\"Service\":\"lambda.amazonaws.com\"}}],\"Version\":\"2012-10-17\"}",
            "create_date": "2024-05-03T23:04:49Z",
            "description": "",
            "force_detach_policies": false,
            "id": "DevDesktopBooterExecutionRole",
            "inline_policy": [
              {
                "name": "AllowKmsDecrypt",
                "policy": "{\"Version\":\"2012-10-17\",\"Statement\":[{\"Action\":[\"kms:Decrypt\"],\"Effect\":\"Allow\",\"Resource\":[\"*\"],\"Sid\":\"AllowKmsDecrypt\"}]}"
              }
            ],
            "managed_policy_arns": [
              "arn:aws:iam::911866154296:policy/CreateEC2Istances",
              "arn:aws:iam::aws:policy/service-role/AWSLambdaBasicExecutionRole"
            ],
            "max_session_duration": 3600,
            "name": "DevDesktopBooterExecutionRole",
            "name_prefix": "",
            "path": "/",
            "permissions_boundary": "",
            "tags": {},
            "tags_all": {},
            "unique_id": "AROA5IT3VJU4O4RUB2ZZJ"
          },
          "sensitive_attributes": [],
          "private": "bnVsbA=="
        }
      ]
    },
    {
      "mode": "managed",
      "type": "aws_iam_role_policy_attachment",
      "name": "AWSLambdaBasicExecutionRoleAtch",
      "provider": "provider[\"registry.terraform.io/hashicorp/aws\"]",
      "instances": [
        {
          "schema_version": 0,
          "attributes": {
            "id": "DevDesktopBooterExecutionRole-20240503230450176700000002",
            "policy_arn": "arn:aws:iam::aws:policy/service-role/AWSLambdaBasicExecutionRole",
            "role": "DevDesktopBooterExecutionRole"
          },
          "sensitive_attributes": [],
          "private": "bnVsbA==",
          "dependencies": [
            "aws_iam_role.DevDesktopBooterExecutionRole",
            "data.aws_iam_policy.AWSLambdaBasicExecutionRole"
          ]
        }
      ]
    },
    {
      "mode": "managed",
      "type": "aws_iam_role_policy_attachment",
      "name": "CreateEC2IstancesAtch",
      "provider": "provider[\"registry.terraform.io/hashicorp/aws\"]",
      "instances": [
        {
          "schema_version": 0,
          "attributes": {
            "id": "DevDesktopBooterExecutionRole-20240503230450158100000001",
            "policy_arn": "arn:aws:iam::911866154296:policy/CreateEC2Istances",
            "role": "DevDesktopBooterExecutionRole"
          },
          "sensitive_attributes": [],
          "private": "bnVsbA==",
          "dependencies": [
            "aws_iam_policy.CreateEC2Istances",
            "aws_iam_role.DevDesktopBooterExecutionRole"
          ]
        }
      ]
    },
    {
      "mode": "managed",
      "type": "aws_lambda_function",
      "name": "DevDesktopBooterLambda",
      "provider": "provider[\"registry.terraform.io/hashicorp/aws\"]",
      "instances": [
        {
          "schema_version": 0,
          "attributes": {
            "architectures": [
              "x86_64"
            ],
            "arn": "arn:aws:lambda:eu-north-1:911866154296:function:DevDesktopBooter",
            "code_signing_config_arn": "",
            "dead_letter_config": [],
            "description": "",
            "environment": [
              {
                "variables": {
                  "LAUNCH_TEMPLATE_NAME": "DevDesktopTemplate"
                }
              }
            ],
            "ephemeral_storage": [
              {
                "size": 512
              }
            ],
            "file_system_config": [],
            "filename": null,
            "function_name": "DevDesktopBooter",
            "handler": "src.main.lambda_handler",
            "id": "DevDesktopBooter",
            "image_config": [],
            "image_uri": "",
            "invoke_arn": "arn:aws:apigateway:eu-north-1:lambda:path/2015-03-31/functions/arn:aws:lambda:eu-north-1:911866154296:function:DevDesktopBooter/invocations",
            "kms_key_arn": "",
            "last_modified": "2025-05-07T13:18:31.000+0000",
            "layers": [],
            "logging_config": [
              {
                "application_log_level": "",
                "log_format": "Text",
                "log_group": "/aws/lambda/DevDesktopBooter",
                "system_log_level": ""
              }
            ],
            "memory_size": 512,
            "package_type": "Zip",
            "publish": false,
            "qualified_arn": "arn:aws:lambda:eu-north-1:911866154296:function:DevDesktopBooter:$LATEST",
            "qualified_invoke_arn": "arn:aws:apigateway:eu-north-1:lambda:path/2015-03-31/functions/arn:aws:lambda:eu-north-1:911866154296:function:DevDesktopBooter:$LATEST/invocations",
            "replace_security_groups_on_destroy": null,
            "replacement_security_group_ids": null,
            "reserved_concurrent_executions": -1,
            "role": "arn:aws:iam::911866154296:role/DevDesktopBooterExecutionRole",
            "runtime": "python3.10",
            "s3_bucket": "deploy-dev-desktop--lambda-deployment",
            "s3_key": "dev-desktop-booter.zip",
            "s3_object_version": null,
            "signing_job_arn": "",
            "signing_profile_version_arn": "",
            "skip_destroy": false,
            "snap_start": [],
            "source_code_hash": "cfrDcxFKRZJr53cDhYbBHghq9uEHtGXBcqqLeTFNIx0=",
            "source_code_size": 18506217,
            "tags": {},
            "tags_all": {},
            "timeout": 900,
            "timeouts": null,
            "tracing_config": [
              {
                "mode": "PassThrough"
              }
            ],
            "version": "$LATEST",
            "vpc_config": []
          },
          "sensitive_attributes": [],
          "private": "eyJlMmJmYjczMC1lY2FhLTExZTYtOGY4OC0zNDM2M2JjN2M0YzAiOnsiY3JlYXRlIjo2MDAwMDAwMDAwMDAsImRlbGV0ZSI6NjAwMDAwMDAwMDAwLCJ1cGRhdGUiOjYwMDAwMDAwMDAwMH19",
          "dependencies": [
            "aws_iam_role.DevDesktopBooterExecutionRole",
            "aws_launch_template.DevDesktopTemplate",
            "aws_s3_bucket.lambda_bucket",
            "aws_s3_object.lambda_zip",
            "aws_security_group.dev_desktop_sg",
            "data.aws_ami.ubuntu-linux-2204",
            "data.aws_vpc.default"
          ]
        }
      ]
    },
    {
      "mode": "managed",
      "type": "aws_launch_template",
      "name": "DevDesktopTemplate",
      "provider": "provider[\"registry.terraform.io/hashicorp/aws\"]",
      "instances": [
        {
          "schema_version": 0,
          "attributes": {
            "arn": "arn:aws:ec2:eu-north-1:911866154296:launch-template/lt-06abfd40b4d6c0d72",
            "block_device_mappings": [
              {
                "device_name": "/dev/sda1",
                "ebs": [
                  {
                    "delete_on_termination": "true",
                    "encrypted": "",
                    "iops": 0,
                    "kms_key_id": "",
                    "snapshot_id": "",
                    "throughput": 0,
                    "volume_size": 30,
                    "volume_type": "gp2"
                  }
                ],
                "no_device": "",
                "virtual_name": ""
              }
            ],
            "capacity_reservation_specification": [],
            "cpu_options": [],
            "credit_specification": [],
            "default_version": 8,
            "description": "",
            "disable_api_stop": false,
            "disable_api_termination": false,
            "ebs_optimized": "",
            "elastic_gpu_specifications": [],
            "elastic_inference_accelerator": [],
            "enclave_options": [],
            "hibernation_options": [],
            "iam_instance_profile": [
              {
                "arn": "arn:aws:iam::911866154296:instance-profile/PersonalDevDesktopRole",
                "name": ""
              }
            ],
            "id": "lt-06abfd40b4d6c0d72",
            "image_id": "ami-091833a514acb0f07",
            "instance_initiated_shutdown_behavior": "",
            "instance_market_options": [],
            "instance_requirements": [],
            "instance_type": "",
            "kernel_id": "",
            "key_name": "",
            "latest_version": 8,
            "license_specification": [],
            "maintenance_options": [],
            "metadata_options": [],
            "monitoring": [],
            "name": "DevDesktopTemplate",
            "name_prefix": "",
            "network_interfaces": [
              {
                "associate_carrier_ip_address": "",
                "associate_public_ip_address": "true",
                "delete_on_termination": "true",
                "description": "",
                "device_index": 0,
                "interface_type": "",
                "ipv4_address_count": 0,
                "ipv4_addresses": [],
                "ipv4_prefix_count": 0,
                "ipv4_prefixes": [],
                "ipv6_address_count": 0,
                "ipv6_addresses": [],
                "ipv6_prefix_count": 0,
                "ipv6_prefixes": [],
                "network_card_index": 0,
                "network_interface_id": "",
                "private_ip_address": "",
                "security_groups": [
                  "sg-0efa194de4dc549ca"
                ],
                "subnet_id": ""
              }
            ],
            "placement": [],
            "private_dns_name_options": [],
            "ram_disk_id": "",
            "security_group_names": [],
            "tag_specifications": [],
            "tags": {},
            "tags_all": {},
            "update_default_version": true,
            "user_data": "",
            "vpc_security_group_ids": []
          },
          "sensitive_attributes": [],
          "private": "bnVsbA==",
          "dependencies": [
            "aws_security_group.dev_desktop_sg",
            "data.aws_ami.ubuntu-linux-2204",
            "data.aws_vpc.default"
          ]
        }
      ]
    },
    {
      "mode": "managed",
      "type": "aws_s3_bucket",
      "name": "lambda_bucket",
      "provider": "provider[\"registry.terraform.io/hashicorp/aws\"]",
      "instances": [
        {
          "schema_version": 0,
          "attributes": {
            "acceleration_status": "",
            "acl": null,
            "arn": "arn:aws:s3:::deploy-dev-desktop--lambda-deployment",
            "bucket": "deploy-dev-desktop--lambda-deployment",
            "bucket_domain_name": "deploy-dev-desktop--lambda-deployment.s3.amazonaws.com",
            "bucket_prefix": "",
            "bucket_regional_domain_name": "deploy-dev-desktop--lambda-deployment.s3.eu-north-1.amazonaws.com",
            "cors_rule": [],
            "force_destroy": false,
            "grant": [
              {
                "id": "a9ec0e5fe12aefd6a7833341a4ac514deaed70474e94de89b699bf107b890d82",
                "permissions": [
                  "FULL_CONTROL"
                ],
                "type": "CanonicalUser",
                "uri": ""
              }
            ],
            "hosted_zone_id": "Z3BAZG2TWCNX0D",
            "id": "deploy-dev-desktop--lambda-deployment",
            "lifecycle_rule": [],
            "logging": [],
            "object_lock_configuration": [],
            "object_lock_enabled": false,
            "policy": "",
            "region": "eu-north-1",
            "replication_configuration": [],
            "request_payer": "BucketOwner",
            "server_side_encryption_configuration": [
              {
                "rule": [
                  {
                    "apply_server_side_encryption_by_default": [
                      {
                        "kms_master_key_id": "",
                        "sse_algorithm": "AES256"
                      }
                    ],
                    "bucket_key_enabled": false
                  }
                ]
              }
            ],
            "tags": {},
            "tags_all": {},
            "timeouts": null,
            "versioning": [
              {
                "enabled": false,
                "mfa_delete": false
              }
            ],
            "website": [],
            "website_domain": null,
            "website_endpoint": null
          },
          "sensitive_attributes": [],
          "private": "eyJlMmJmYjczMC1lY2FhLTExZTYtOGY4OC0zNDM2M2JjN2M0YzAiOnsiY3JlYXRlIjoxMjAwMDAwMDAwMDAwLCJkZWxldGUiOjM2MDAwMDAwMDAwMDAsInJlYWQiOjEyMDAwMDAwMDAwMDAsInVwZGF0ZSI6MTIwMDAwMDAwMDAwMH19"
        }
      ]
    },
    {
      "mode": "managed",
      "type": "aws_s3_object",
      "name": "lambda_zip",
      "provider": "provider[\"registry.terraform.io/hashicorp/aws\"]",
      "instances": [
        {
          "schema_version": 0,
          "attributes": {
            "acl": "private",
            "arn": "arn:aws:s3:::deploy-dev-desktop--lambda-deployment/dev-desktop-booter.zip",
            "bucket": "deploy-dev-desktop--lambda-deployment",
            "bucket_key_enabled": false,
            "cache_control": "",
            "checksum_algorithm": null,
            "checksum_crc32": "",
            "checksum_crc32c": "",
            "checksum_sha1": "",
            "checksum_sha256": "",
            "content": null,
            "content_base64": null,
            "content_disposition": "",
            "content_encoding": "",
            "content_language": "",
            "content_type": "binary/octet-stream",
            "etag": "e9e2eb43e7dde695c7947b96d61b5e6c-4",
            "force_destroy": false,
            "id": "dev-desktop-booter.zip",
            "key": "dev-desktop-booter.zip",
            "kms_key_id": null,
            "metadata": {},
            "object_lock_legal_hold_status": "",
            "object_lock_mode": "",
            "object_lock_retain_until_date": "",
            "override_provider": [],
            "server_side_encryption": "AES256",
            "source": "bazel-bin/src/deployment_archive.zip",
            "source_hash": null,
            "storage_class": "STANDARD",
            "tags": {},
            "tags_all": {},
            "version_id": "",
            "website_redirect": ""
          },
          "sensitive_attributes": [],
          "private": "bnVsbA==",
          "dependencies": [
            "aws_s3_bucket.lambda_bucket"
          ]
        }
      ]
    },
    {
      "mode": "managed",
      "type": "aws_security_group",
      "name": "dev_desktop_sg",
      "provider": "provider[\"registry.terraform.io/hashicorp/aws\"]",
      "instances": [
        {
          "schema_version": 1,
          "attributes": {
            "arn": "arn:aws:ec2:eu-north-1:911866154296:security-group/sg-0efa194de4dc549ca",
            "description": "Allow SSH, HTTP, and HTTPS traffic",
            "egress": [
              {
                "cidr_blocks": [
                  "0.0.0.0/0"
                ],
                "description": "Allow all outbound traffic",
                "from_port": 0,
                "ipv6_cidr_blocks": [],
                "prefix_list_ids": [],
                "protocol": "-1",
                "security_groups": [],
                "self": false,
                "to_port": 0
              }
            ],
            "id": "sg-0efa194de4dc549ca",
            "ingress": [
              {
                "cidr_blocks": [
                  "0.0.0.0/0"
                ],
                "description": "HTTP from anywhere",
                "from_port": 80,
                "ipv6_cidr_blocks": [],
                "prefix_list_ids": [],
                "protocol": "tcp",
                "security_groups": [],
                "self": false,
                "to_port": 80
              },
              {
                "cidr_blocks": [
                  "0.0.0.0/0"
                ],
                "description": "HTTPS from anywhere",
                "from_port": 443,
                "ipv6_cidr_blocks": [],
                "prefix_list_ids": [],
                "protocol": "tcp",
                "security_groups": [],
                "self": false,
                "to_port": 443
              },
              {
                "cidr_blocks": [
                  "0.0.0.0/0"
                ],
                "description": "SSH from anywhere",
                "from_port": 22,
                "ipv6_cidr_blocks": [],
                "prefix_list_ids": [],
                "protocol": "tcp",
                "security_groups": [],
                "self": false,
                "to_port": 22
              }
            ],
            "name": "DevDesktopSG",
            "name_prefix": "",
            "owner_id": "911866154296",
            "revoke_rules_on_delete": false,
            "tags": {
              "Name": "DevDesktopSG"
            },
            "tags_all": {
              "Name": "DevDesktopSG"
            },
            "timeouts": null,
            "vpc_id": "vpc-0b5d48d711bc60900"
          },
          "sensitive_attributes": [],
          "private": "eyJlMmJmYjczMC1lY2FhLTExZTYtOGY4OC0zNDM2M2JjN2M0YzAiOnsiY3JlYXRlIjo2MDAwMDAwMDAwMDAsImRlbGV0ZSI6OTAwMDAwMDAwMDAwfSwic2NoZW1hX3ZlcnNpb24iOiIxIn0=",
          "dependencies": [
            "data.aws_vpc.default"
          ]
        }
      ]
    }
  ],
  "check_results": null
}
